
Microsoft Visual Studio Solution File, Format Version 12.00
# Visual Studio 15
VisualStudioVersion = 15.0.27428.2002
MinimumVisualStudioVersion = 10.0.40219.1
Project("{FAE04EC0-301F-11D3-BF4B-00C04F79EFBC}") = "Memento", "Memento\Memento.csproj", "{3631FFF5-D1AD-414F-A445-9D0EC3B65F25}"
EndProject
Global
	GlobalSection(SolutionConfigurationPlatforms) = preSolution
		Debug|Any CPU = Debug|Any CPU
		Release|Any CPU = Release|Any CPU
	EndGlobalSection
	GlobalSection(ProjectConfigurationPlatforms) = postSolution
		{3631FFF5-D1AD-414F-A445-9D0EC3B65F25}.Debug|Any CPU.ActiveCfg = Debug|Any CPU
		{3631FFF5-D1AD-414F-A445-9D0EC3B65F25}.Debug|Any CPU.Build.0 = Debug|Any CPU
		{3631FFF5-D1AD-414F-A445-9D0EC3B65F25}.Release|Any CPU.ActiveCfg = Release|Any CPU
		{3631FFF5-D1AD-414F-A445-9D0EC3B65F25}.Release|Any CPU.Build.0 = Release|Any CPU
	EndGlobalSection
	GlobalSection(SolutionProperties) = preSolution
		HideSolutionNode = FALSE
	EndGlobalSection
	GlobalSection(ExtensibilityGlobals) = postSolution
		SolutionGuid = {231E5778-F3C2-4297-9D2F-F05A7877AF45}
	EndGlobalSection
EndGlobal
