
Microsoft Visual Studio Solution File, Format Version 12.00
# Visual Studio 15
VisualStudioVersion = 15.0.27428.2002
MinimumVisualStudioVersion = 10.0.40219.1
Project("{FAE04EC0-301F-11D3-BF4B-00C04F79EFBC}") = "Interpreter", "Interpreter\Interpreter.csproj", "{410B2DFF-C709-4B5C-A846-62C49B5C013A}"
EndProject
Global
	GlobalSection(SolutionConfigurationPlatforms) = preSolution
		Debug|Any CPU = Debug|Any CPU
		Release|Any CPU = Release|Any CPU
	EndGlobalSection
	GlobalSection(ProjectConfigurationPlatforms) = postSolution
		{410B2DFF-C709-4B5C-A846-62C49B5C013A}.Debug|Any CPU.ActiveCfg = Debug|Any CPU
		{410B2DFF-C709-4B5C-A846-62C49B5C013A}.Debug|Any CPU.Build.0 = Debug|Any CPU
		{410B2DFF-C709-4B5C-A846-62C49B5C013A}.Release|Any CPU.ActiveCfg = Release|Any CPU
		{410B2DFF-C709-4B5C-A846-62C49B5C013A}.Release|Any CPU.Build.0 = Release|Any CPU
	EndGlobalSection
	GlobalSection(SolutionProperties) = preSolution
		HideSolutionNode = FALSE
	EndGlobalSection
	GlobalSection(ExtensibilityGlobals) = postSolution
		SolutionGuid = {A5C11D29-A5D2-47CB-B071-FB586B28ADA4}
	EndGlobalSection
EndGlobal
